
Microsoft Visual Studio Solution File, Format Version 12.00
# Visual Studio Version 17
VisualStudioVersion = 17.2.32616.157
MinimumVisualStudioVersion = 10.0.40219.1
Project("{FAE04EC0-301F-11D3-BF4B-00C04F79EFBC}") = "Mod3Demo3_Switch", "Mod3Demo3_Switch.csproj", "{490C7FBD-1AD4-434F-97A0-2723677CE904}"
EndProject
Global
	GlobalSection(SolutionConfigurationPlatforms) = preSolution
		Debug|Any CPU = Debug|Any CPU
		Release|Any CPU = Release|Any CPU
	EndGlobalSection
	GlobalSection(ProjectConfigurationPlatforms) = postSolution
		{490C7FBD-1AD4-434F-97A0-2723677CE904}.Debug|Any CPU.ActiveCfg = Debug|Any CPU
		{490C7FBD-1AD4-434F-97A0-2723677CE904}.Debug|Any CPU.Build.0 = Debug|Any CPU
		{490C7FBD-1AD4-434F-97A0-2723677CE904}.Release|Any CPU.ActiveCfg = Release|Any CPU
		{490C7FBD-1AD4-434F-97A0-2723677CE904}.Release|Any CPU.Build.0 = Release|Any CPU
	EndGlobalSection
	GlobalSection(SolutionProperties) = preSolution
		HideSolutionNode = FALSE
	EndGlobalSection
	GlobalSection(ExtensibilityGlobals) = postSolution
		SolutionGuid = {DCCEE43E-A4B5-4D0A-8BA5-C821213C62ED}
	EndGlobalSection
EndGlobal
