
Microsoft Visual Studio Solution File, Format Version 12.00
# Visual Studio Version 17
VisualStudioVersion = 17.2.32630.192
MinimumVisualStudioVersion = 10.0.40219.1
Project("{FAE04EC0-301F-11D3-BF4B-00C04F79EFBC}") = "Mod1Demo3_DateTime", "Mod1Demo3_DateTime.csproj", "{48513B1D-0063-4C22-A095-8B2F8923C4F3}"
EndProject
Global
	GlobalSection(SolutionConfigurationPlatforms) = preSolution
		Debug|Any CPU = Debug|Any CPU
		Release|Any CPU = Release|Any CPU
	EndGlobalSection
	GlobalSection(ProjectConfigurationPlatforms) = postSolution
		{48513B1D-0063-4C22-A095-8B2F8923C4F3}.Debug|Any CPU.ActiveCfg = Debug|Any CPU
		{48513B1D-0063-4C22-A095-8B2F8923C4F3}.Debug|Any CPU.Build.0 = Debug|Any CPU
		{48513B1D-0063-4C22-A095-8B2F8923C4F3}.Release|Any CPU.ActiveCfg = Release|Any CPU
		{48513B1D-0063-4C22-A095-8B2F8923C4F3}.Release|Any CPU.Build.0 = Release|Any CPU
	EndGlobalSection
	GlobalSection(SolutionProperties) = preSolution
		HideSolutionNode = FALSE
	EndGlobalSection
	GlobalSection(ExtensibilityGlobals) = postSolution
		SolutionGuid = {89A3196D-8EB9-471A-BB02-2EF19D3EB9CE}
	EndGlobalSection
EndGlobal
