
Microsoft Visual Studio Solution File, Format Version 12.00
# Visual Studio Version 17
VisualStudioVersion = 17.2.32630.192
MinimumVisualStudioVersion = 10.0.40219.1
Project("{FAE04EC0-301F-11D3-BF4B-00C04F79EFBC}") = "Assignment 1.3", "Assignment 1.3.csproj", "{4784ED01-310E-47D4-8EEA-C278D52D5FB5}"
EndProject
Global
	GlobalSection(SolutionConfigurationPlatforms) = preSolution
		Debug|Any CPU = Debug|Any CPU
		Release|Any CPU = Release|Any CPU
	EndGlobalSection
	GlobalSection(ProjectConfigurationPlatforms) = postSolution
		{4784ED01-310E-47D4-8EEA-C278D52D5FB5}.Debug|Any CPU.ActiveCfg = Debug|Any CPU
		{4784ED01-310E-47D4-8EEA-C278D52D5FB5}.Debug|Any CPU.Build.0 = Debug|Any CPU
		{4784ED01-310E-47D4-8EEA-C278D52D5FB5}.Release|Any CPU.ActiveCfg = Release|Any CPU
		{4784ED01-310E-47D4-8EEA-C278D52D5FB5}.Release|Any CPU.Build.0 = Release|Any CPU
	EndGlobalSection
	GlobalSection(SolutionProperties) = preSolution
		HideSolutionNode = FALSE
	EndGlobalSection
	GlobalSection(ExtensibilityGlobals) = postSolution
		SolutionGuid = {1551B040-8A13-420E-AA3F-0F18B54080DB}
	EndGlobalSection
EndGlobal
