
Microsoft Visual Studio Solution File, Format Version 12.00
# Visual Studio Version 17
VisualStudioVersion = 17.2.32630.192
MinimumVisualStudioVersion = 10.0.40219.1
Project("{FAE04EC0-301F-11D3-BF4B-00C04F79EFBC}") = "Delegates3", "Delegates3.csproj", "{480705D9-34CC-4EA3-946F-44C61D513514}"
EndProject
Global
	GlobalSection(SolutionConfigurationPlatforms) = preSolution
		Debug|Any CPU = Debug|Any CPU
		Release|Any CPU = Release|Any CPU
	EndGlobalSection
	GlobalSection(ProjectConfigurationPlatforms) = postSolution
		{480705D9-34CC-4EA3-946F-44C61D513514}.Debug|Any CPU.ActiveCfg = Debug|Any CPU
		{480705D9-34CC-4EA3-946F-44C61D513514}.Debug|Any CPU.Build.0 = Debug|Any CPU
		{480705D9-34CC-4EA3-946F-44C61D513514}.Release|Any CPU.ActiveCfg = Release|Any CPU
		{480705D9-34CC-4EA3-946F-44C61D513514}.Release|Any CPU.Build.0 = Release|Any CPU
	EndGlobalSection
	GlobalSection(SolutionProperties) = preSolution
		HideSolutionNode = FALSE
	EndGlobalSection
	GlobalSection(ExtensibilityGlobals) = postSolution
		SolutionGuid = {322F9567-3D1D-4AC9-B073-E14F1A03E5E2}
	EndGlobalSection
EndGlobal
