
Microsoft Visual Studio Solution File, Format Version 12.00
# Visual Studio Version 17
VisualStudioVersion = 17.0.32014.148
MinimumVisualStudioVersion = 10.0.40219.1
Project("{FAE04EC0-301F-11D3-BF4B-00C04F79EFBC}") = "AnonymousMethodDemo", "AnonymousMethodDemo.csproj", "{17D76C30-D66B-4E07-8B0D-C0DC0E0CF303}"
EndProject
Global
	GlobalSection(SolutionConfigurationPlatforms) = preSolution
		Debug|Any CPU = Debug|Any CPU
		Release|Any CPU = Release|Any CPU
	EndGlobalSection
	GlobalSection(ProjectConfigurationPlatforms) = postSolution
		{17D76C30-D66B-4E07-8B0D-C0DC0E0CF303}.Debug|Any CPU.ActiveCfg = Debug|Any CPU
		{17D76C30-D66B-4E07-8B0D-C0DC0E0CF303}.Debug|Any CPU.Build.0 = Debug|Any CPU
		{17D76C30-D66B-4E07-8B0D-C0DC0E0CF303}.Release|Any CPU.ActiveCfg = Release|Any CPU
		{17D76C30-D66B-4E07-8B0D-C0DC0E0CF303}.Release|Any CPU.Build.0 = Release|Any CPU
	EndGlobalSection
	GlobalSection(SolutionProperties) = preSolution
		HideSolutionNode = FALSE
	EndGlobalSection
	GlobalSection(ExtensibilityGlobals) = postSolution
		SolutionGuid = {5CA1BBA7-D6FB-4B03-87DE-EFCFD834B9EB}
	EndGlobalSection
EndGlobal
