
Microsoft Visual Studio Solution File, Format Version 12.00
# Visual Studio Version 17
VisualStudioVersion = 17.3.32804.467
MinimumVisualStudioVersion = 10.0.40219.1
Project("{FAE04EC0-301F-11D3-BF4B-00C04F79EFBC}") = "Assignment6.2", "Assignment6.2.csproj", "{51A57FC7-2914-43C8-B5B8-2A32FB8BD69C}"
EndProject
Global
	GlobalSection(SolutionConfigurationPlatforms) = preSolution
		Debug|Any CPU = Debug|Any CPU
		Release|Any CPU = Release|Any CPU
	EndGlobalSection
	GlobalSection(ProjectConfigurationPlatforms) = postSolution
		{51A57FC7-2914-43C8-B5B8-2A32FB8BD69C}.Debug|Any CPU.ActiveCfg = Debug|Any CPU
		{51A57FC7-2914-43C8-B5B8-2A32FB8BD69C}.Debug|Any CPU.Build.0 = Debug|Any CPU
		{51A57FC7-2914-43C8-B5B8-2A32FB8BD69C}.Release|Any CPU.ActiveCfg = Release|Any CPU
		{51A57FC7-2914-43C8-B5B8-2A32FB8BD69C}.Release|Any CPU.Build.0 = Release|Any CPU
	EndGlobalSection
	GlobalSection(SolutionProperties) = preSolution
		HideSolutionNode = FALSE
	EndGlobalSection
	GlobalSection(ExtensibilityGlobals) = postSolution
		SolutionGuid = {FB9BA59F-6B6F-4AE4-90B6-71BDC9203B9A}
	EndGlobalSection
EndGlobal
