
Microsoft Visual Studio Solution File, Format Version 12.00
# Visual Studio Version 17
VisualStudioVersion = 17.2.32630.192
MinimumVisualStudioVersion = 10.0.40219.1
Project("{FAE04EC0-301F-11D3-BF4B-00C04F79EFBC}") = "Wk4Mod3Demo4_indexer", "Wk4Mod3Demo4_indexer.csproj", "{D9A69583-1F4E-4A4E-8EE0-F4AB01387CC4}"
EndProject
Global
	GlobalSection(SolutionConfigurationPlatforms) = preSolution
		Debug|Any CPU = Debug|Any CPU
		Release|Any CPU = Release|Any CPU
	EndGlobalSection
	GlobalSection(ProjectConfigurationPlatforms) = postSolution
		{D9A69583-1F4E-4A4E-8EE0-F4AB01387CC4}.Debug|Any CPU.ActiveCfg = Debug|Any CPU
		{D9A69583-1F4E-4A4E-8EE0-F4AB01387CC4}.Debug|Any CPU.Build.0 = Debug|Any CPU
		{D9A69583-1F4E-4A4E-8EE0-F4AB01387CC4}.Release|Any CPU.ActiveCfg = Release|Any CPU
		{D9A69583-1F4E-4A4E-8EE0-F4AB01387CC4}.Release|Any CPU.Build.0 = Release|Any CPU
	EndGlobalSection
	GlobalSection(SolutionProperties) = preSolution
		HideSolutionNode = FALSE
	EndGlobalSection
	GlobalSection(ExtensibilityGlobals) = postSolution
		SolutionGuid = {BB32EA4E-18F8-46E2-A94A-154B6E0C6A08}
	EndGlobalSection
EndGlobal
