
Microsoft Visual Studio Solution File, Format Version 12.00
# Visual Studio Version 17
VisualStudioVersion = 17.3.32804.467
MinimumVisualStudioVersion = 10.0.40219.1
Project("{FAE04EC0-301F-11D3-BF4B-00C04F79EFBC}") = "Mathdll", "Mathdll.csproj", "{96C7FFD8-746C-4C68-BE10-EC66ECD4EFE2}"
EndProject
Project("{FAE04EC0-301F-11D3-BF4B-00C04F79EFBC}") = "DLLUser", "..\DLLUser\DLLUser.csproj", "{088C98A0-F20D-421D-8711-10EF17F89747}"
EndProject
Project("{FAE04EC0-301F-11D3-BF4B-00C04F79EFBC}") = "SecondClient", "..\SecondClient\SecondClient.csproj", "{ABC24A0A-FC01-4155-92E1-CB3A45B4E4CB}"
EndProject
Global
	GlobalSection(SolutionConfigurationPlatforms) = preSolution
		Debug|Any CPU = Debug|Any CPU
		Release|Any CPU = Release|Any CPU
	EndGlobalSection
	GlobalSection(ProjectConfigurationPlatforms) = postSolution
		{96C7FFD8-746C-4C68-BE10-EC66ECD4EFE2}.Debug|Any CPU.ActiveCfg = Debug|Any CPU
		{96C7FFD8-746C-4C68-BE10-EC66ECD4EFE2}.Debug|Any CPU.Build.0 = Debug|Any CPU
		{96C7FFD8-746C-4C68-BE10-EC66ECD4EFE2}.Release|Any CPU.ActiveCfg = Release|Any CPU
		{96C7FFD8-746C-4C68-BE10-EC66ECD4EFE2}.Release|Any CPU.Build.0 = Release|Any CPU
		{088C98A0-F20D-421D-8711-10EF17F89747}.Debug|Any CPU.ActiveCfg = Debug|Any CPU
		{088C98A0-F20D-421D-8711-10EF17F89747}.Debug|Any CPU.Build.0 = Debug|Any CPU
		{088C98A0-F20D-421D-8711-10EF17F89747}.Release|Any CPU.ActiveCfg = Release|Any CPU
		{088C98A0-F20D-421D-8711-10EF17F89747}.Release|Any CPU.Build.0 = Release|Any CPU
		{ABC24A0A-FC01-4155-92E1-CB3A45B4E4CB}.Debug|Any CPU.ActiveCfg = Debug|Any CPU
		{ABC24A0A-FC01-4155-92E1-CB3A45B4E4CB}.Debug|Any CPU.Build.0 = Debug|Any CPU
		{ABC24A0A-FC01-4155-92E1-CB3A45B4E4CB}.Release|Any CPU.ActiveCfg = Release|Any CPU
		{ABC24A0A-FC01-4155-92E1-CB3A45B4E4CB}.Release|Any CPU.Build.0 = Release|Any CPU
	EndGlobalSection
	GlobalSection(SolutionProperties) = preSolution
		HideSolutionNode = FALSE
	EndGlobalSection
	GlobalSection(ExtensibilityGlobals) = postSolution
		SolutionGuid = {C1BC7352-B1BF-4E69-8008-F28172171128}
	EndGlobalSection
EndGlobal
