
Microsoft Visual Studio Solution File, Format Version 12.00
# Visual Studio Version 17
VisualStudioVersion = 17.2.32630.192
MinimumVisualStudioVersion = 10.0.40219.1
Project("{FAE04EC0-301F-11D3-BF4B-00C04F79EFBC}") = "Assignment5.4", "Assignment5.4.csproj", "{F6DF1836-5C24-4FC2-BC2C-CAA519304CD4}"
EndProject
Global
	GlobalSection(SolutionConfigurationPlatforms) = preSolution
		Debug|Any CPU = Debug|Any CPU
		Release|Any CPU = Release|Any CPU
	EndGlobalSection
	GlobalSection(ProjectConfigurationPlatforms) = postSolution
		{F6DF1836-5C24-4FC2-BC2C-CAA519304CD4}.Debug|Any CPU.ActiveCfg = Debug|Any CPU
		{F6DF1836-5C24-4FC2-BC2C-CAA519304CD4}.Debug|Any CPU.Build.0 = Debug|Any CPU
		{F6DF1836-5C24-4FC2-BC2C-CAA519304CD4}.Release|Any CPU.ActiveCfg = Release|Any CPU
		{F6DF1836-5C24-4FC2-BC2C-CAA519304CD4}.Release|Any CPU.Build.0 = Release|Any CPU
	EndGlobalSection
	GlobalSection(SolutionProperties) = preSolution
		HideSolutionNode = FALSE
	EndGlobalSection
	GlobalSection(ExtensibilityGlobals) = postSolution
		SolutionGuid = {BE07A91A-1525-4395-A32A-B612E9683298}
	EndGlobalSection
EndGlobal
