
Microsoft Visual Studio Solution File, Format Version 12.00
# Visual Studio Version 17
VisualStudioVersion = 17.3.32901.215
MinimumVisualStudioVersion = 10.0.40219.1
Project("{FAE04EC0-301F-11D3-BF4B-00C04F79EFBC}") = "EmpManagementSystem", "EmpManagementSystem.csproj", "{64B1A9B2-BC14-469C-AC11-56E10D1FEDEC}"
EndProject
Global
	GlobalSection(SolutionConfigurationPlatforms) = preSolution
		Debug|Any CPU = Debug|Any CPU
		Release|Any CPU = Release|Any CPU
	EndGlobalSection
	GlobalSection(ProjectConfigurationPlatforms) = postSolution
		{64B1A9B2-BC14-469C-AC11-56E10D1FEDEC}.Debug|Any CPU.ActiveCfg = Debug|Any CPU
		{64B1A9B2-BC14-469C-AC11-56E10D1FEDEC}.Debug|Any CPU.Build.0 = Debug|Any CPU
		{64B1A9B2-BC14-469C-AC11-56E10D1FEDEC}.Release|Any CPU.ActiveCfg = Release|Any CPU
		{64B1A9B2-BC14-469C-AC11-56E10D1FEDEC}.Release|Any CPU.Build.0 = Release|Any CPU
	EndGlobalSection
	GlobalSection(SolutionProperties) = preSolution
		HideSolutionNode = FALSE
	EndGlobalSection
	GlobalSection(ExtensibilityGlobals) = postSolution
		SolutionGuid = {84A9FC28-5BC7-4029-BCE3-CA259331FA91}
	EndGlobalSection
EndGlobal
