
Microsoft Visual Studio Solution File, Format Version 12.00
# Visual Studio Version 17
VisualStudioVersion = 17.2.32616.157
MinimumVisualStudioVersion = 10.0.40219.1
Project("{FAE04EC0-301F-11D3-BF4B-00C04F79EFBC}") = "Assignment1.2Question3", "Assignment1.2Question3.csproj", "{2CCFC81F-8504-4207-BD06-8A45C2B2E46E}"
EndProject
Global
	GlobalSection(SolutionConfigurationPlatforms) = preSolution
		Debug|Any CPU = Debug|Any CPU
		Release|Any CPU = Release|Any CPU
	EndGlobalSection
	GlobalSection(ProjectConfigurationPlatforms) = postSolution
		{2CCFC81F-8504-4207-BD06-8A45C2B2E46E}.Debug|Any CPU.ActiveCfg = Debug|Any CPU
		{2CCFC81F-8504-4207-BD06-8A45C2B2E46E}.Debug|Any CPU.Build.0 = Debug|Any CPU
		{2CCFC81F-8504-4207-BD06-8A45C2B2E46E}.Release|Any CPU.ActiveCfg = Release|Any CPU
		{2CCFC81F-8504-4207-BD06-8A45C2B2E46E}.Release|Any CPU.Build.0 = Release|Any CPU
	EndGlobalSection
	GlobalSection(SolutionProperties) = preSolution
		HideSolutionNode = FALSE
	EndGlobalSection
	GlobalSection(ExtensibilityGlobals) = postSolution
		SolutionGuid = {C37D9605-9DE2-44D6-84B9-18C215ACBC93}
	EndGlobalSection
EndGlobal
