
Microsoft Visual Studio Solution File, Format Version 12.00
# Visual Studio Version 17
VisualStudioVersion = 17.2.32630.192
MinimumVisualStudioVersion = 10.0.40219.1
Project("{FAE04EC0-301F-11D3-BF4B-00C04F79EFBC}") = "Mod9Demo2", "Mod9Demo2.csproj", "{6B43D078-AEE6-4796-83FA-1C84B3514926}"
EndProject
Global
	GlobalSection(SolutionConfigurationPlatforms) = preSolution
		Debug|Any CPU = Debug|Any CPU
		Release|Any CPU = Release|Any CPU
	EndGlobalSection
	GlobalSection(ProjectConfigurationPlatforms) = postSolution
		{6B43D078-AEE6-4796-83FA-1C84B3514926}.Debug|Any CPU.ActiveCfg = Debug|Any CPU
		{6B43D078-AEE6-4796-83FA-1C84B3514926}.Debug|Any CPU.Build.0 = Debug|Any CPU
		{6B43D078-AEE6-4796-83FA-1C84B3514926}.Release|Any CPU.ActiveCfg = Release|Any CPU
		{6B43D078-AEE6-4796-83FA-1C84B3514926}.Release|Any CPU.Build.0 = Release|Any CPU
	EndGlobalSection
	GlobalSection(SolutionProperties) = preSolution
		HideSolutionNode = FALSE
	EndGlobalSection
	GlobalSection(ExtensibilityGlobals) = postSolution
		SolutionGuid = {513D74E9-5B74-415E-B50F-1402D4B2DE61}
	EndGlobalSection
EndGlobal
