
Microsoft Visual Studio Solution File, Format Version 12.00
# Visual Studio Version 17
VisualStudioVersion = 17.2.32630.192
MinimumVisualStudioVersion = 10.0.40219.1
Project("{FAE04EC0-301F-11D3-BF4B-00C04F79EFBC}") = "Assignment4.3", "Assignment4.3.csproj", "{C541A789-14CB-4798-98FF-6F9D51619EE2}"
EndProject
Global
	GlobalSection(SolutionConfigurationPlatforms) = preSolution
		Debug|Any CPU = Debug|Any CPU
		Release|Any CPU = Release|Any CPU
	EndGlobalSection
	GlobalSection(ProjectConfigurationPlatforms) = postSolution
		{C541A789-14CB-4798-98FF-6F9D51619EE2}.Debug|Any CPU.ActiveCfg = Debug|Any CPU
		{C541A789-14CB-4798-98FF-6F9D51619EE2}.Debug|Any CPU.Build.0 = Debug|Any CPU
		{C541A789-14CB-4798-98FF-6F9D51619EE2}.Release|Any CPU.ActiveCfg = Release|Any CPU
		{C541A789-14CB-4798-98FF-6F9D51619EE2}.Release|Any CPU.Build.0 = Release|Any CPU
	EndGlobalSection
	GlobalSection(SolutionProperties) = preSolution
		HideSolutionNode = FALSE
	EndGlobalSection
	GlobalSection(ExtensibilityGlobals) = postSolution
		SolutionGuid = {A77FD7DA-A9FF-430B-AAEA-AD6D1B30D0AC}
	EndGlobalSection
EndGlobal
