
Microsoft Visual Studio Solution File, Format Version 12.00
# Visual Studio Version 17
VisualStudioVersion = 17.2.32630.192
MinimumVisualStudioVersion = 10.0.40219.1
Project("{FAE04EC0-301F-11D3-BF4B-00C04F79EFBC}") = "Wk4Mod1Demo4_arrays", "Wk4Mod1Demo4_arrays.csproj", "{3DDEBA2F-2DE2-4D44-860C-2F95ABD6D55B}"
EndProject
Global
	GlobalSection(SolutionConfigurationPlatforms) = preSolution
		Debug|Any CPU = Debug|Any CPU
		Release|Any CPU = Release|Any CPU
	EndGlobalSection
	GlobalSection(ProjectConfigurationPlatforms) = postSolution
		{3DDEBA2F-2DE2-4D44-860C-2F95ABD6D55B}.Debug|Any CPU.ActiveCfg = Debug|Any CPU
		{3DDEBA2F-2DE2-4D44-860C-2F95ABD6D55B}.Debug|Any CPU.Build.0 = Debug|Any CPU
		{3DDEBA2F-2DE2-4D44-860C-2F95ABD6D55B}.Release|Any CPU.ActiveCfg = Release|Any CPU
		{3DDEBA2F-2DE2-4D44-860C-2F95ABD6D55B}.Release|Any CPU.Build.0 = Release|Any CPU
	EndGlobalSection
	GlobalSection(SolutionProperties) = preSolution
		HideSolutionNode = FALSE
	EndGlobalSection
	GlobalSection(ExtensibilityGlobals) = postSolution
		SolutionGuid = {5072786A-013D-419C-A307-38D3D7787F61}
	EndGlobalSection
EndGlobal
